{
  "nodes": {
    "flake-utils": {
      "locked": {
        "lastModified": 1644229661,
        "narHash": "sha256-1YdnJAsNy69bpcjuoKdOYQX0YxZBiCYZo4Twxerqv7k=",
        "owner": "numtide",
        "repo": "flake-utils",
        "rev": "3cecb5b042f7f209c56ffd8371b2711a290ec797",
        "type": "github"
      },
      "original": {
        "owner": "numtide",
        "repo": "flake-utils",
        "type": "github"
      }
    },
    "nixpkgs": {
      "locked": {
        "lastModified": 1647490331,
        "narHash": "sha256-Jcc+vHNDN3KDWuzGNTl3A24ICGovPneJDejiN2t57QI=",
        "owner": "NixOS",
        "repo": "nixpkgs",
        "rev": "2c66a7a6e036971c4847cca424125f55b9eb0b0b",
        "type": "github"
      },
      "original": {
        "id": "nixpkgs",
        "ref": "nixos-21.11",
        "type": "indirect"
      }
    },
    "root": {
      "inputs": {
        "flake-utils": "flake-utils",
        "nixpkgs": "nixpkgs",
        "rust": "rust"
      }
    },
    "rust": {
      "inputs": {
        "nixpkgs": [
          "nixpkgs"
        ],
        "rust-analyzer-src": "rust-analyzer-src"
      },
      "locked": {
        "lastModified": 1669012127,
        "narHash": "sha256-fTvPcUlzrxAqMMivJgnV6AjYRPd6+Yz+hnLTs0AF+EM=",
        "owner": "nix-community",
        "repo": "fenix",
        "rev": "fa7082d03914c5bf0f15acda849f34d048953ed5",
        "type": "github"
      },
      "original": {
        "owner": "nix-community",
        "repo": "fenix",
        "type": "github"
      }
    },
    "rust-analyzer-src": {
      "flake": false,
      "locked": {
        "lastModified": 1668974383,
        "narHash": "sha256-ULEwMFhcr+0z4r//BSZVFV5Nh1+opwwYBk/ZzEptjqw=",
        "owner": "rust-lang",
        "repo": "rust-analyzer",
        "rev": "26562973b3482a635416b2b663a13016d4d90e20",
        "type": "github"
      },
      "original": {
        "owner": "rust-lang",
        "ref": "nightly",
        "repo": "rust-analyzer",
        "type": "github"
      }
    }
  },
  "root": "root",
  "version": 7
}
